
Microsoft Visual Studio Solution File, Format Version 12.00
# Visual Studio Version 17
VisualStudioVersion = 17.7.34202.233
MinimumVisualStudioVersion = 10.0.40219.1
Project("{9A19103F-16F7-4668-BE54-9A1E7A4F7556}") = "Authentication3", "Authentication3.csproj", "{3FE5FC33-27FA-4688-AEFD-55957D864C10}"
EndProject
Global
	GlobalSection(SolutionConfigurationPlatforms) = preSolution
		Debug|Any CPU = Debug|Any CPU
		Release|Any CPU = Release|Any CPU
	EndGlobalSection
	GlobalSection(ProjectConfigurationPlatforms) = postSolution
		{3FE5FC33-27FA-4688-AEFD-55957D864C10}.Debug|Any CPU.ActiveCfg = Debug|Any CPU
		{3FE5FC33-27FA-4688-AEFD-55957D864C10}.Debug|Any CPU.Build.0 = Debug|Any CPU
		{3FE5FC33-27FA-4688-AEFD-55957D864C10}.Release|Any CPU.ActiveCfg = Release|Any CPU
		{3FE5FC33-27FA-4688-AEFD-55957D864C10}.Release|Any CPU.Build.0 = Release|Any CPU
	EndGlobalSection
	GlobalSection(SolutionProperties) = preSolution
		HideSolutionNode = FALSE
	EndGlobalSection
	GlobalSection(ExtensibilityGlobals) = postSolution
		SolutionGuid = {9C5DD156-EA2C-4961-A700-31D1AB993859}
	EndGlobalSection
EndGlobal
